
Microsoft Visual Studio Solution File, Format Version 12.00
# Visual Studio Version 16
VisualStudioVersion = 16.0.30406.217
MinimumVisualStudioVersion = 10.0.40219.1
Project("{9A19103F-16F7-4668-BE54-9A1E7A4F7556}") = "BlazorTyper.Server", "Server\BlazorTyper.Server.csproj", "{91026A12-C5CF-4359-B36C-036168C68500}"
EndProject
Project("{9A19103F-16F7-4668-BE54-9A1E7A4F7556}") = "BlazorTyper.Client", "Client\BlazorTyper.Client.csproj", "{781E8D49-B4F5-4101-9D54-2C30EE326C85}"
EndProject
Project("{9A19103F-16F7-4668-BE54-9A1E7A4F7556}") = "BlazorTyper.Shared", "Shared\BlazorTyper.Shared.csproj", "{ABED7605-F586-4B41-9265-2F9743B857F1}"
EndProject
Global
	GlobalSection(SolutionConfigurationPlatforms) = preSolution
		Debug|Any CPU = Debug|Any CPU
		Release|Any CPU = Release|Any CPU
	EndGlobalSection
	GlobalSection(ProjectConfigurationPlatforms) = postSolution
		{91026A12-C5CF-4359-B36C-036168C68500}.Debug|Any CPU.ActiveCfg = Debug|Any CPU
		{91026A12-C5CF-4359-B36C-036168C68500}.Debug|Any CPU.Build.0 = Debug|Any CPU
		{91026A12-C5CF-4359-B36C-036168C68500}.Release|Any CPU.ActiveCfg = Release|Any CPU
		{91026A12-C5CF-4359-B36C-036168C68500}.Release|Any CPU.Build.0 = Release|Any CPU
		{781E8D49-B4F5-4101-9D54-2C30EE326C85}.Debug|Any CPU.ActiveCfg = Debug|Any CPU
		{781E8D49-B4F5-4101-9D54-2C30EE326C85}.Debug|Any CPU.Build.0 = Debug|Any CPU
		{781E8D49-B4F5-4101-9D54-2C30EE326C85}.Release|Any CPU.ActiveCfg = Release|Any CPU
		{781E8D49-B4F5-4101-9D54-2C30EE326C85}.Release|Any CPU.Build.0 = Release|Any CPU
		{ABED7605-F586-4B41-9265-2F9743B857F1}.Debug|Any CPU.ActiveCfg = Debug|Any CPU
		{ABED7605-F586-4B41-9265-2F9743B857F1}.Debug|Any CPU.Build.0 = Debug|Any CPU
		{ABED7605-F586-4B41-9265-2F9743B857F1}.Release|Any CPU.ActiveCfg = Release|Any CPU
		{ABED7605-F586-4B41-9265-2F9743B857F1}.Release|Any CPU.Build.0 = Release|Any CPU
	EndGlobalSection
	GlobalSection(SolutionProperties) = preSolution
		HideSolutionNode = FALSE
	EndGlobalSection
	GlobalSection(ExtensibilityGlobals) = postSolution
		SolutionGuid = {635B92B2-CDFB-45B8-8F0E-8953356A91F0}
	EndGlobalSection
EndGlobal
